
Microsoft Visual Studio Solution File, Format Version 12.00
# Visual Studio Version 16
VisualStudioVersion = 16.0.32802.440
MinimumVisualStudioVersion = 10.0.40219.1
Project("{FAE04EC0-301F-11D3-BF4B-00C04F79EFBC}") = "MyDictionary", "MyDictionary\MyDictionary.csproj", "{C775DB05-7B20-439A-B7A8-51032BA99ED1}"
EndProject
Global
	GlobalSection(SolutionConfigurationPlatforms) = preSolution
		Debug|Any CPU = Debug|Any CPU
		Release|Any CPU = Release|Any CPU
	EndGlobalSection
	GlobalSection(ProjectConfigurationPlatforms) = postSolution
		{C775DB05-7B20-439A-B7A8-51032BA99ED1}.Debug|Any CPU.ActiveCfg = Debug|Any CPU
		{C775DB05-7B20-439A-B7A8-51032BA99ED1}.Debug|Any CPU.Build.0 = Debug|Any CPU
		{C775DB05-7B20-439A-B7A8-51032BA99ED1}.Release|Any CPU.ActiveCfg = Release|Any CPU
		{C775DB05-7B20-439A-B7A8-51032BA99ED1}.Release|Any CPU.Build.0 = Release|Any CPU
	EndGlobalSection
	GlobalSection(SolutionProperties) = preSolution
		HideSolutionNode = FALSE
	EndGlobalSection
	GlobalSection(ExtensibilityGlobals) = postSolution
		SolutionGuid = {6FE7AE91-E6B6-4A44-8B92-C4C5FDD46606}
	EndGlobalSection
EndGlobal
